PODS:
  - Alamofire (5.6.4)
  - iProgressHUD (1.1.1)
  - IQKeyboardManagerSwift (6.5.10)
  - SCWaveformView (2.0.6)
  - SwiftEntryKit (2.0.0)
  - SwiftToast (1.1.3)
  - SwiftyJSON (5.0.1)
  - Toaster (2.3.0)

DEPENDENCIES:
  - Alamofire
  - iProgressHUD (~> 1.1.1)
  - IQKeyboardManagerSwift
  - SCWaveformView
  - SwiftEntryKit
  - SwiftToast
  - SwiftyJSON
  - Toaster

SPEC REPOS:
  trunk:
    - Alamofire
    - iProgressHUD
    - IQKeyboardManagerSwift
    - SCWaveformView
    - SwiftEntryKit
    - SwiftToast
    - SwiftyJSON
    - Toaster

SPEC CHECKSUMS:
  Alamofire: 4e95d97098eacb88856099c4fc79b526a299e48c
  iProgressHUD: caa742128253c97f2c2e1ec59e2bbe6cf689df6a
  IQKeyboardManagerSwift: 52962c76ab33532f15ad9f3ff4e5715eda5335bb
  SCWaveformView: 78b3503675aafcdaf9c283d68cb45c9fc735af87
  SwiftEntryKit: 61b5fa36f34a97dd8013e48a7345bc4c4720be9a
  SwiftToast: 029cbeda85c04fb3fa5df774ba461b19971bc6c5
  SwiftyJSON: 2f33a42c6fbc52764d96f13368585094bfd8aa5e
  Toaster: c3473963c78e8cabbf6ea6f11ad0fdaae6f54987

PODFILE CHECKSUM: b5ce081d2cfd183510dc7328f6a26f9b492e9c21

COCOAPODS: 1.11.2
