// !$*UTF8*$!
{
	archiveVersion = 1;
	classes = {
	};
	objectVersion = 55;
	objects = {

/* Begin PBXBuildFile section */
		180EB43528B6A15900F1A3FB /* BaseViewController.swift in Sources */ = {isa = PBXBuildFile; fileRef = 180EB43428B6A15900F1A3FB /* BaseViewController.swift */; };
		180EB43928B6A87D00F1A3FB /* Extension+UIViewController.swift in Sources */ = {isa = PBXBuildFile; fileRef = 180EB43828B6A87D00F1A3FB /* Extension+UIViewController.swift */; };
		182BE0B128BD29C000327094 /* ExistingVC.swift in Sources */ = {isa = PBXBuildFile; fileRef = 182BE0B028BD29C000327094 /* ExistingVC.swift */; };
		182BE0B328BD332300327094 /* Settings.storyboard in Resources */ = {isa = PBXBuildFile; fileRef = 182BE0B228BD332300327094 /* Settings.storyboard */; };
		182BE0B628BD3B6000327094 /* MicroSensitivityVC.swift in Sources */ = {isa = PBXBuildFile; fileRef = 182BE0B528BD3B6000327094 /* MicroSensitivityVC.swift */; };
		182BE0B928BD459A00327094 /* ProfileVC.swift in Sources */ = {isa = PBXBuildFile; fileRef = 182BE0B828BD459A00327094 /* ProfileVC.swift */; };
		182BE0BC28BD461E00327094 /* ProfileCell.swift in Sources */ = {isa = PBXBuildFile; fileRef = 182BE0BB28BD461E00327094 /* ProfileCell.swift */; };
		182BE0BE28BD4ED000327094 /* NamingFormatVC.swift in Sources */ = {isa = PBXBuildFile; fileRef = 182BE0BD28BD4ED000327094 /* NamingFormatVC.swift */; };
		182BE0C128BD508500327094 /* NamingFormatCell.swift in Sources */ = {isa = PBXBuildFile; fileRef = 182BE0C028BD508500327094 /* NamingFormatCell.swift */; };
		1854B88928B94F690039A96E /* UploadProgressVC.swift in Sources */ = {isa = PBXBuildFile; fileRef = 1854B88828B94F690039A96E /* UploadProgressVC.swift */; };
		1854B88C28B958530039A96E /* UploadListCell.swift in Sources */ = {isa = PBXBuildFile; fileRef = 1854B88B28B958530039A96E /* UploadListCell.swift */; };
		185BE70F28BBE539004484CF /* AudioQualityVC.swift in Sources */ = {isa = PBXBuildFile; fileRef = 185BE70E28BBE539004484CF /* AudioQualityVC.swift */; };
		185BE71128BBE568004484CF /* AudioQualityCell.swift in Sources */ = {isa = PBXBuildFile; fileRef = 185BE71028BBE568004484CF /* AudioQualityCell.swift */; };
		1868EAD428BAAAD600216D62 /* SettingsVC.swift in Sources */ = {isa = PBXBuildFile; fileRef = 1868EAD328BAAAD600216D62 /* SettingsVC.swift */; };
		1868EAD628BAB2E200216D62 /* GeneralSettingCell.swift in Sources */ = {isa = PBXBuildFile; fileRef = 1868EAD528BAB2E200216D62 /* GeneralSettingCell.swift */; };
		1868EAD928BAB3BB00216D62 /* RecordingCell.swift in Sources */ = {isa = PBXBuildFile; fileRef = 1868EAD728BAB3BB00216D62 /* RecordingCell.swift */; };
		1868EADA28BAB3BB00216D62 /* RecordingCell.xib in Resources */ = {isa = PBXBuildFile; fileRef = 1868EAD828BAB3BB00216D62 /* RecordingCell.xib */; };
		18CDDB0A28B7D493006AB795 /* Tabbar.storyboard in Resources */ = {isa = PBXBuildFile; fileRef = 18CDDB0928B7D493006AB795 /* Tabbar.storyboard */; };
		18CDDB0D28B7D683006AB795 /* TabbarVC.swift in Sources */ = {isa = PBXBuildFile; fileRef = 18CDDB0C28B7D683006AB795 /* TabbarVC.swift */; };
		18CDDB0F28B7D96C006AB795 /* Storyboard.swift in Sources */ = {isa = PBXBuildFile; fileRef = 18CDDB0E28B7D96C006AB795 /* Storyboard.swift */; };
		28A4F5C628B510D90035137B /* AppDelegate.swift in Sources */ = {isa = PBXBuildFile; fileRef = 28A4F5C528B510D90035137B /* AppDelegate.swift */; };
		28A4F5C828B510D90035137B /* SceneDelegate.swift in Sources */ = {isa = PBXBuildFile; fileRef = 28A4F5C728B510D90035137B /* SceneDelegate.swift */; };
		28A4F5CA28B510D90035137B /* LoginVC.swift in Sources */ = {isa = PBXBuildFile; fileRef = 28A4F5C928B510D90035137B /* LoginVC.swift */; };
		28A4F5CD28B510D90035137B /* Main.storyboard in Resources */ = {isa = PBXBuildFile; fileRef = 28A4F5CB28B510D90035137B /* Main.storyboard */; };
		28A4F5CF28B510DE0035137B /* Assets.xcassets in Resources */ = {isa = PBXBuildFile; fileRef = 28A4F5CE28B510DE0035137B /* Assets.xcassets */; };
		28A4F5D228B510DE0035137B /* LaunchScreen.storyboard in Resources */ = {isa = PBXBuildFile; fileRef = 28A4F5D028B510DE0035137B /* LaunchScreen.storyboard */; };
		28A4F5DE28B51D750035137B /* Extension+Navigation.swift in Sources */ = {isa = PBXBuildFile; fileRef = 28A4F5DD28B51D750035137B /* Extension+Navigation.swift */; };
		4BFCB13CEA7E06C3217E3512 /* Pods_PTS_Dictate.framework in Frameworks */ = {isa = PBXBuildFile; fileRef = 7801E7DB3243DA4B1EF6CD0C /* Pods_PTS_Dictate.framework */; };
/* End PBXBuildFile section */

/* Begin PBXFileReference section */
		180EB43428B6A15900F1A3FB /* BaseViewController.swift */ = {isa = PBXFileReference; lastKnownFileType = sourcecode.swift; path = BaseViewController.swift; sourceTree = "<group>"; };
		180EB43828B6A87D00F1A3FB /* Extension+UIViewController.swift */ = {isa = PBXFileReference; lastKnownFileType = sourcecode.swift; path = "Extension+UIViewController.swift"; sourceTree = "<group>"; };
		182BE0B028BD29C000327094 /* ExistingVC.swift */ = {isa = PBXFileReference; lastKnownFileType = sourcecode.swift; path = ExistingVC.swift; sourceTree = "<group>"; };
		182BE0B228BD332300327094 /* Settings.storyboard */ = {isa = PBXFileReference; lastKnownFileType = file.storyboard; path = Settings.storyboard; sourceTree = "<group>"; };
		182BE0B528BD3B6000327094 /* MicroSensitivityVC.swift */ = {isa = PBXFileReference; lastKnownFileType = sourcecode.swift; path = MicroSensitivityVC.swift; sourceTree = "<group>"; };
		182BE0B828BD459A00327094 /* ProfileVC.swift */ = {isa = PBXFileReference; lastKnownFileType = sourcecode.swift; path = ProfileVC.swift; sourceTree = "<group>"; };
		182BE0BB28BD461E00327094 /* ProfileCell.swift */ = {isa = PBXFileReference; lastKnownFileType = sourcecode.swift; path = ProfileCell.swift; sourceTree = "<group>"; };
		182BE0BD28BD4ED000327094 /* NamingFormatVC.swift */ = {isa = PBXFileReference; lastKnownFileType = sourcecode.swift; path = NamingFormatVC.swift; sourceTree = "<group>"; };
		182BE0C028BD508500327094 /* NamingFormatCell.swift */ = {isa = PBXFileReference; lastKnownFileType = sourcecode.swift; path = NamingFormatCell.swift; sourceTree = "<group>"; };
		1854B88828B94F690039A96E /* UploadProgressVC.swift */ = {isa = PBXFileReference; lastKnownFileType = sourcecode.swift; path = UploadProgressVC.swift; sourceTree = "<group>"; };
		1854B88B28B958530039A96E /* UploadListCell.swift */ = {isa = PBXFileReference; lastKnownFileType = sourcecode.swift; path = UploadListCell.swift; sourceTree = "<group>"; };
		185BE70E28BBE539004484CF /* AudioQualityVC.swift */ = {isa = PBXFileReference; lastKnownFileType = sourcecode.swift; path = AudioQualityVC.swift; sourceTree = "<group>"; };
		185BE71028BBE568004484CF /* AudioQualityCell.swift */ = {isa = PBXFileReference; lastKnownFileType = sourcecode.swift; path = AudioQualityCell.swift; sourceTree = "<group>"; };
		1868EAD328BAAAD600216D62 /* SettingsVC.swift */ = {isa = PBXFileReference; lastKnownFileType = sourcecode.swift; path = SettingsVC.swift; sourceTree = "<group>"; };
		1868EAD528BAB2E200216D62 /* GeneralSettingCell.swift */ = {isa = PBXFileReference; lastKnownFileType = sourcecode.swift; path = GeneralSettingCell.swift; sourceTree = "<group>"; };
		1868EAD728BAB3BB00216D62 /* RecordingCell.swift */ = {isa = PBXFileReference; lastKnownFileType = sourcecode.swift; path = RecordingCell.swift; sourceTree = "<group>"; };
		1868EAD828BAB3BB00216D62 /* RecordingCell.xib */ = {isa = PBXFileReference; lastKnownFileType = file.xib; path = RecordingCell.xib; sourceTree = "<group>"; };
		18CDDB0928B7D493006AB795 /* Tabbar.storyboard */ = {isa = PBXFileReference; lastKnownFileType = file.storyboard; path = Tabbar.storyboard; sourceTree = "<group>"; };
		18CDDB0C28B7D683006AB795 /* TabbarVC.swift */ = {isa = PBXFileReference; lastKnownFileType = sourcecode.swift; path = TabbarVC.swift; sourceTree = "<group>"; };
		18CDDB0E28B7D96C006AB795 /* Storyboard.swift */ = {isa = PBXFileReference; lastKnownFileType = sourcecode.swift; path = Storyboard.swift; sourceTree = "<group>"; };
		28A4F5C228B510D90035137B /* PTS Dictate.app */ = {isa = PBXFileReference; explicitFileType = wrapper.application; includeInIndex = 0; path = "PTS Dictate.app"; sourceTree = BUILT_PRODUCTS_DIR; };
		28A4F5C528B510D90035137B /* AppDelegate.swift */ = {isa = PBXFileReference; lastKnownFileType = sourcecode.swift; path = AppDelegate.swift; sourceTree = "<group>"; };
		28A4F5C728B510D90035137B /* SceneDelegate.swift */ = {isa = PBXFileReference; lastKnownFileType = sourcecode.swift; path = SceneDelegate.swift; sourceTree = "<group>"; };
		28A4F5C928B510D90035137B /* LoginVC.swift */ = {isa = PBXFileReference; lastKnownFileType = sourcecode.swift; path = LoginVC.swift; sourceTree = "<group>"; };
		28A4F5CC28B510D90035137B /* Base */ = {isa = PBXFileReference; lastKnownFileType = file.storyboard; name = Base; path = Base.lproj/Main.storyboard; sourceTree = "<group>"; };
		28A4F5CE28B510DE0035137B /* Assets.xcassets */ = {isa = PBXFileReference; lastKnownFileType = folder.assetcatalog; path = Assets.xcassets; sourceTree = "<group>"; };
		28A4F5D128B510DE0035137B /* Base */ = {isa = PBXFileReference; lastKnownFileType = file.storyboard; name = Base; path = Base.lproj/LaunchScreen.storyboard; sourceTree = "<group>"; };
		28A4F5D328B510DE0035137B /* Info.plist */ = {isa = PBXFileReference; lastKnownFileType = text.plist.xml; path = Info.plist; sourceTree = "<group>"; };
		28A4F5DD28B51D750035137B /* Extension+Navigation.swift */ = {isa = PBXFileReference; lastKnownFileType = sourcecode.swift; path = "Extension+Navigation.swift"; sourceTree = "<group>"; };
		60EFDBA9037F05EEA8612299 /* Pods-PTS Dictate.debug.xcconfig */ = {isa = PBXFileReference; includeInIndex = 1; lastKnownFileType = text.xcconfig; name = "Pods-PTS Dictate.debug.xcconfig"; path = "Target Support Files/Pods-PTS Dictate/Pods-PTS Dictate.debug.xcconfig"; sourceTree = "<group>"; };
		7801E7DB3243DA4B1EF6CD0C /* Pods_PTS_Dictate.framework */ = {isa = PBXFileReference; explicitFileType = wrapper.framework; includeInIndex = 0; path = Pods_PTS_Dictate.framework; sourceTree = BUILT_PRODUCTS_DIR; };
		F2DCF3613E1B667385F2C263 /* Pods-PTS Dictate.release.xcconfig */ = {isa = PBXFileReference; includeInIndex = 1; lastKnownFileType = text.xcconfig; name = "Pods-PTS Dictate.release.xcconfig"; path = "Target Support Files/Pods-PTS Dictate/Pods-PTS Dictate.release.xcconfig"; sourceTree = "<group>"; };
/* End PBXFileReference section */

/* Begin PBXFrameworksBuildPhase section */
		28A4F5BF28B510D90035137B /* Frameworks */ = {
			isa = PBXFrameworksBuildPhase;
			buildActionMask = 2147483647;
			files = (
				4BFCB13CEA7E06C3217E3512 /* Pods_PTS_Dictate.framework in Frameworks */,
			);
			runOnlyForDeploymentPostprocessing = 0;
		};
/* End PBXFrameworksBuildPhase section */

/* Begin PBXGroup section */
		018EE1CAA31721738B3C8A4D /* Frameworks */ = {
			isa = PBXGroup;
			children = (
				7801E7DB3243DA4B1EF6CD0C /* Pods_PTS_Dictate.framework */,
			);
			name = Frameworks;
			sourceTree = "<group>";
		};
		180EB43628B6A45000F1A3FB /* Extensions */ = {
			isa = PBXGroup;
			children = (
				28A4F5DD28B51D750035137B /* Extension+Navigation.swift */,
				180EB43828B6A87D00F1A3FB /* Extension+UIViewController.swift */,
				18CDDB0E28B7D96C006AB795 /* Storyboard.swift */,
			);
			path = Extensions;
			sourceTree = "<group>";
		};
		180EB43728B6A52200F1A3FB /* Extras */ = {
			isa = PBXGroup;
			children = (
				28A4F5CE28B510DE0035137B /* Assets.xcassets */,
			);
			path = Extras;
			sourceTree = "<group>";
		};
		182BE0A928BD09CB00327094 /* UploadProgressVC */ = {
			isa = PBXGroup;
			children = (
				1854B88828B94F690039A96E /* UploadProgressVC.swift */,
				182BE0AA28BD09D700327094 /* UploadProgressCells */,
			);
			path = UploadProgressVC;
			sourceTree = "<group>";
		};
		182BE0AA28BD09D700327094 /* UploadProgressCells */ = {
			isa = PBXGroup;
			children = (
				1854B88B28B958530039A96E /* UploadListCell.swift */,
			);
			path = UploadProgressCells;
			sourceTree = "<group>";
		};
		182BE0AB28BD09EB00327094 /* SettingVC */ = {
			isa = PBXGroup;
			children = (
				1868EAD328BAAAD600216D62 /* SettingsVC.swift */,
				182BE0AC28BD0A0700327094 /* SettingCells */,
			);
			path = SettingVC;
			sourceTree = "<group>";
		};
		182BE0AC28BD0A0700327094 /* SettingCells */ = {
			isa = PBXGroup;
			children = (
				1868EAD528BAB2E200216D62 /* GeneralSettingCell.swift */,
			);
			path = SettingCells;
			sourceTree = "<group>";
		};
		182BE0AD28BD0A4A00327094 /* AudioQualityVC */ = {
			isa = PBXGroup;
			children = (
				185BE70E28BBE539004484CF /* AudioQualityVC.swift */,
				182BE0AE28BD0A5900327094 /* AudioQualityCells */,
			);
			path = AudioQualityVC;
			sourceTree = "<group>";
		};
		182BE0AE28BD0A5900327094 /* AudioQualityCells */ = {
			isa = PBXGroup;
			children = (
				185BE71028BBE568004484CF /* AudioQualityCell.swift */,
			);
			path = AudioQualityCells;
			sourceTree = "<group>";
		};
		182BE0AF28BD29A100327094 /* ExistingVC */ = {
			isa = PBXGroup;
			children = (
				182BE0B028BD29C000327094 /* ExistingVC.swift */,
			);
			path = ExistingVC;
			sourceTree = "<group>";
		};
		182BE0B428BD3ACF00327094 /* MicroSensitivity */ = {
			isa = PBXGroup;
			children = (
				182BE0B528BD3B6000327094 /* MicroSensitivityVC.swift */,
			);
			path = MicroSensitivity;
			sourceTree = "<group>";
		};
		182BE0B728BD457400327094 /* ProfileVC */ = {
			isa = PBXGroup;
			children = (
				182BE0B828BD459A00327094 /* ProfileVC.swift */,
				182BE0BA28BD45EF00327094 /* ProfileCell */,
			);
			path = ProfileVC;
			sourceTree = "<group>";
		};
		182BE0BA28BD45EF00327094 /* ProfileCell */ = {
			isa = PBXGroup;
			children = (
				182BE0BB28BD461E00327094 /* ProfileCell.swift */,
			);
			path = ProfileCell;
			sourceTree = "<group>";
		};
		182BE0BF28BD4ED900327094 /* NamingFormat */ = {
			isa = PBXGroup;
			children = (
				182BE0BD28BD4ED000327094 /* NamingFormatVC.swift */,
				182BE0C028BD508500327094 /* NamingFormatCell.swift */,
			);
			path = NamingFormat;
			sourceTree = "<group>";
		};
		1854B88A28B957F50039A96E /* TableViewXIB */ = {
			isa = PBXGroup;
			children = (
				1868EAD728BAB3BB00216D62 /* RecordingCell.swift */,
				1868EAD828BAB3BB00216D62 /* RecordingCell.xib */,
			);
			path = TableViewXIB;
			sourceTree = "<group>";
		};
		18CDDB0828B7D472006AB795 /* LoginVC */ = {
			isa = PBXGroup;
			children = (
				28A4F5C928B510D90035137B /* LoginVC.swift */,
			);
			path = LoginVC;
			sourceTree = "<group>";
		};
		18CDDB0B28B7D5DA006AB795 /* TabbarVC */ = {
			isa = PBXGroup;
			children = (
				18CDDB0C28B7D683006AB795 /* TabbarVC.swift */,
				182BE0AF28BD29A100327094 /* ExistingVC */,
				182BE0A928BD09CB00327094 /* UploadProgressVC */,
				182BE0AB28BD09EB00327094 /* SettingVC */,
				182BE0AD28BD0A4A00327094 /* AudioQualityVC */,
				182BE0B728BD457400327094 /* ProfileVC */,
				182BE0BF28BD4ED900327094 /* NamingFormat */,
				182BE0B428BD3ACF00327094 /* MicroSensitivity */,
			);
			path = TabbarVC;
			sourceTree = "<group>";
		};
		28A4F5B928B510D90035137B = {
			isa = PBXGroup;
			children = (
				28A4F5C428B510D90035137B /* PTS Dictate */,
				28A4F5C328B510D90035137B /* Products */,
				97719E97C8011AC41905B41C /* Pods */,
				018EE1CAA31721738B3C8A4D /* Frameworks */,
			);
			sourceTree = "<group>";
		};
		28A4F5C328B510D90035137B /* Products */ = {
			isa = PBXGroup;
			children = (
				28A4F5C228B510D90035137B /* PTS Dictate.app */,
			);
			name = Products;
			sourceTree = "<group>";
		};
		28A4F5C428B510D90035137B /* PTS Dictate */ = {
			isa = PBXGroup;
			children = (
				28A4F5D928B517B40035137B /* App delegate */,
				180EB43628B6A45000F1A3FB /* Extensions */,
				28A4F5DC28B51D630035137B /* Helpers */,
				28A4F5DB28B517D50035137B /* View controllers */,
				1854B88A28B957F50039A96E /* TableViewXIB */,
				28A4F5DA28B517C10035137B /* Storyboards */,
				180EB43728B6A52200F1A3FB /* Extras */,
				28A4F5D328B510DE0035137B /* Info.plist */,
			);
			path = "PTS Dictate";
			sourceTree = "<group>";
		};
		28A4F5D928B517B40035137B /* App delegate */ = {
			isa = PBXGroup;
			children = (
				28A4F5C528B510D90035137B /* AppDelegate.swift */,
				28A4F5C728B510D90035137B /* SceneDelegate.swift */,
			);
			path = "App delegate";
			sourceTree = "<group>";
		};
		28A4F5DA28B517C10035137B /* Storyboards */ = {
			isa = PBXGroup;
			children = (
				28A4F5CB28B510D90035137B /* Main.storyboard */,
				18CDDB0928B7D493006AB795 /* Tabbar.storyboard */,
				28A4F5D028B510DE0035137B /* LaunchScreen.storyboard */,
				182BE0B228BD332300327094 /* Settings.storyboard */,
			);
			path = Storyboards;
			sourceTree = "<group>";
		};
		28A4F5DB28B517D50035137B /* View controllers */ = {
			isa = PBXGroup;
			children = (
				18CDDB0828B7D472006AB795 /* LoginVC */,
				18CDDB0B28B7D5DA006AB795 /* TabbarVC */,
			);
			path = "View controllers";
			sourceTree = "<group>";
		};
		28A4F5DC28B51D630035137B /* Helpers */ = {
			isa = PBXGroup;
			children = (
				180EB43428B6A15900F1A3FB /* BaseViewController.swift */,
			);
			path = Helpers;
			sourceTree = "<group>";
		};
		97719E97C8011AC41905B41C /* Pods */ = {
			isa = PBXGroup;
			children = (
				60EFDBA9037F05EEA8612299 /* Pods-PTS Dictate.debug.xcconfig */,
				F2DCF3613E1B667385F2C263 /* Pods-PTS Dictate.release.xcconfig */,
			);
			path = Pods;
			sourceTree = "<group>";
		};
/* End PBXGroup section */

/* Begin PBXNativeTarget section */
		28A4F5C128B510D90035137B /* PTS Dictate */ = {
			isa = PBXNativeTarget;
			buildConfigurationList = 28A4F5D628B510DE0035137B /* Build configuration list for PBXNativeTarget "PTS Dictate" */;
			buildPhases = (
				3E812B9D0A100DEBD49CB0F0 /* [CP] Check Pods Manifest.lock */,
				28A4F5BE28B510D90035137B /* Sources */,
				28A4F5BF28B510D90035137B /* Frameworks */,
				28A4F5C028B510D90035137B /* Resources */,
				E5299E48A690929EFA4A5FBE /* [CP] Embed Pods Frameworks */,
			);
			buildRules = (
			);
			dependencies = (
			);
			name = "PTS Dictate";
			productName = "PTS Dictate";
			productReference = 28A4F5C228B510D90035137B /* PTS Dictate.app */;
			productType = "com.apple.product-type.application";
		};
/* End PBXNativeTarget section */

/* Begin PBXProject section */
		28A4F5BA28B510D90035137B /* Project object */ = {
			isa = PBXProject;
			attributes = {
				BuildIndependentTargetsInParallel = 1;
				LastSwiftUpdateCheck = 1330;
				LastUpgradeCheck = 1330;
				TargetAttributes = {
					28A4F5C128B510D90035137B = {
						CreatedOnToolsVersion = 13.3.1;
					};
				};
			};
			buildConfigurationList = 28A4F5BD28B510D90035137B /* Build configuration list for PBXProject "PTS Dictate" */;
			compatibilityVersion = "Xcode 13.0";
			developmentRegion = en;
			hasScannedForEncodings = 0;
			knownRegions = (
				en,
				Base,
			);
			mainGroup = 28A4F5B928B510D90035137B;
			productRefGroup = 28A4F5C328B510D90035137B /* Products */;
			projectDirPath = "";
			projectRoot = "";
			targets = (
				28A4F5C128B510D90035137B /* PTS Dictate */,
			);
		};
/* End PBXProject section */

/* Begin PBXResourcesBuildPhase section */
		28A4F5C028B510D90035137B /* Resources */ = {
			isa = PBXResourcesBuildPhase;
			buildActionMask = 2147483647;
			files = (
				18CDDB0A28B7D493006AB795 /* Tabbar.storyboard in Resources */,
				28A4F5D228B510DE0035137B /* LaunchScreen.storyboard in Resources */,
				28A4F5CF28B510DE0035137B /* Assets.xcassets in Resources */,
				182BE0B328BD332300327094 /* Settings.storyboard in Resources */,
				28A4F5CD28B510D90035137B /* Main.storyboard in Resources */,
				1868EADA28BAB3BB00216D62 /* RecordingCell.xib in Resources */,
			);
			runOnlyForDeploymentPostprocessing = 0;
		};
/* End PBXResourcesBuildPhase section */

/* Begin PBXShellScriptBuildPhase section */
		3E812B9D0A100DEBD49CB0F0 /* [CP] Check Pods Manifest.lock */ = {
			isa = PBXShellScriptBuildPhase;
			buildActionMask = 2147483647;
			files = (
			);
			inputFileListPaths = (
			);
			inputPaths = (
				"${PODS_PODFILE_DIR_PATH}/Podfile.lock",
				"${PODS_ROOT}/Manifest.lock",
			);
			name = "[CP] Check Pods Manifest.lock";
			outputFileListPaths = (
			);
			outputPaths = (
				"$(DERIVED_FILE_DIR)/Pods-PTS Dictate-checkManifestLockResult.txt",
			);
			runOnlyForDeploymentPostprocessing = 0;
			shellPath = /bin/sh;
			shellScript = "diff \"${PODS_PODFILE_DIR_PATH}/Podfile.lock\" \"${PODS_ROOT}/Manifest.lock\" > /dev/null\nif [ $? != 0 ] ; then\n    # print error to STDERR\n    echo \"error: The sandbox is not in sync with the Podfile.lock. Run 'pod install' or update your CocoaPods installation.\" >&2\n    exit 1\nfi\n# This output is used by Xcode 'outputs' to avoid re-running this script phase.\necho \"SUCCESS\" > \"${SCRIPT_OUTPUT_FILE_0}\"\n";
			showEnvVarsInLog = 0;
		};
		E5299E48A690929EFA4A5FBE /* [CP] Embed Pods Frameworks */ = {
			isa = PBXShellScriptBuildPhase;
			buildActionMask = 2147483647;
			files = (
			);
			inputFileListPaths = (
				"${PODS_ROOT}/Target Support Files/Pods-PTS Dictate/Pods-PTS Dictate-frameworks-${CONFIGURATION}-input-files.xcfilelist",
			);
			name = "[CP] Embed Pods Frameworks";
			outputFileListPaths = (
				"${PODS_ROOT}/Target Support Files/Pods-PTS Dictate/Pods-PTS Dictate-frameworks-${CONFIGURATION}-output-files.xcfilelist",
			);
			runOnlyForDeploymentPostprocessing = 0;
			shellPath = /bin/sh;
			shellScript = "\"${PODS_ROOT}/Target Support Files/Pods-PTS Dictate/Pods-PTS Dictate-frameworks.sh\"\n";
			showEnvVarsInLog = 0;
		};
/* End PBXShellScriptBuildPhase section */

/* Begin PBXSourcesBuildPhase section */
		28A4F5BE28B510D90035137B /* Sources */ = {
			isa = PBXSourcesBuildPhase;
			buildActionMask = 2147483647;
			files = (
				1868EAD428BAAAD600216D62 /* SettingsVC.swift in Sources */,
				180EB43528B6A15900F1A3FB /* BaseViewController.swift in Sources */,
				28A4F5CA28B510D90035137B /* LoginVC.swift in Sources */,
				1868EAD628BAB2E200216D62 /* GeneralSettingCell.swift in Sources */,
				1854B88928B94F690039A96E /* UploadProgressVC.swift in Sources */,
				185BE70F28BBE539004484CF /* AudioQualityVC.swift in Sources */,
				18CDDB0D28B7D683006AB795 /* TabbarVC.swift in Sources */,
				182BE0BE28BD4ED000327094 /* NamingFormatVC.swift in Sources */,
				180EB43928B6A87D00F1A3FB /* Extension+UIViewController.swift in Sources */,
				18CDDB0F28B7D96C006AB795 /* Storyboard.swift in Sources */,
				1854B88C28B958530039A96E /* UploadListCell.swift in Sources */,
				28A4F5C628B510D90035137B /* AppDelegate.swift in Sources */,
				182BE0B628BD3B6000327094 /* MicroSensitivityVC.swift in Sources */,
				182BE0B928BD459A00327094 /* ProfileVC.swift in Sources */,
				28A4F5DE28B51D750035137B /* Extension+Navigation.swift in Sources */,
				185BE71128BBE568004484CF /* AudioQualityCell.swift in Sources */,
				182BE0BC28BD461E00327094 /* ProfileCell.swift in Sources */,
				28A4F5C828B510D90035137B /* SceneDelegate.swift in Sources */,
				1868EAD928BAB3BB00216D62 /* RecordingCell.swift in Sources */,
				182BE0B128BD29C000327094 /* ExistingVC.swift in Sources */,
				182BE0C128BD508500327094 /* NamingFormatCell.swift in Sources */,
			);
			runOnlyForDeploymentPostprocessing = 0;
		};
/* End PBXSourcesBuildPhase section */

/* Begin PBXVariantGroup section */
		28A4F5CB28B510D90035137B /* Main.storyboard */ = {
			isa = PBXVariantGroup;
			children = (
				28A4F5CC28B510D90035137B /* Base */,
			);
			name = Main.storyboard;
			sourceTree = "<group>";
		};
		28A4F5D028B510DE0035137B /* LaunchScreen.storyboard */ = {
			isa = PBXVariantGroup;
			children = (
				28A4F5D128B510DE0035137B /* Base */,
			);
			name = LaunchScreen.storyboard;
			sourceTree = "<group>";
		};
/* End PBXVariantGroup section */

/* Begin XCBuildConfiguration section */
		28A4F5D428B510DE0035137B /* Debug */ = {
			isa = XCBuildConfiguration;
			buildSettings = {
				ALWAYS_SEARCH_USER_PATHS = NO;
				CLANG_ANALYZER_NONNULL = YES;
				CLANG_ANALYZER_NUMBER_OBJECT_CONVERSION = YES_AGGRESSIVE;
				CLANG_CXX_LANGUAGE_STANDARD = "gnu++17";
				CLANG_ENABLE_MODULES = YES;
				CLANG_ENABLE_OBJC_ARC = YES;
				CLANG_ENABLE_OBJC_WEAK = YES;
				CLANG_WARN_BLOCK_CAPTURE_AUTORELEASING = YES;
				CLANG_WARN_BOOL_CONVERSION = YES;
				CLANG_WARN_COMMA = YES;
				CLANG_WARN_CONSTANT_CONVERSION = YES;
				CLANG_WARN_DEPRECATED_OBJC_IMPLEMENTATIONS = YES;
				CLANG_WARN_DIRECT_OBJC_ISA_USAGE = YES_ERROR;
				CLANG_WARN_DOCUMENTATION_COMMENTS = YES;
				CLANG_WARN_EMPTY_BODY = YES;
				CLANG_WARN_ENUM_CONVERSION = YES;
				CLANG_WARN_INFINITE_RECURSION = YES;
				CLANG_WARN_INT_CONVERSION = YES;
				CLANG_WARN_NON_LITERAL_NULL_CONVERSION = YES;
				CLANG_WARN_OBJC_IMPLICIT_RETAIN_SELF = YES;
				CLANG_WARN_OBJC_LITERAL_CONVERSION = YES;
				CLANG_WARN_OBJC_ROOT_CLASS = YES_ERROR;
				CLANG_WARN_QUOTED_INCLUDE_IN_FRAMEWORK_HEADER = YES;
				CLANG_WARN_RANGE_LOOP_ANALYSIS = YES;
				CLANG_WARN_STRICT_PROTOTYPES = YES;
				CLANG_WARN_SUSPICIOUS_MOVE = YES;
				CLANG_WARN_UNGUARDED_AVAILABILITY = YES_AGGRESSIVE;
				CLANG_WARN_UNREACHABLE_CODE = YES;
				CLANG_WARN__DUPLICATE_METHOD_MATCH = YES;
				COPY_PHASE_STRIP = NO;
				DEBUG_INFORMATION_FORMAT = dwarf;
				ENABLE_STRICT_OBJC_MSGSEND = YES;
				ENABLE_TESTABILITY = YES;
				GCC_C_LANGUAGE_STANDARD = gnu11;
				GCC_DYNAMIC_NO_PIC = NO;
				GCC_NO_COMMON_BLOCKS = YES;
				GCC_OPTIMIZATION_LEVEL = 0;
				GCC_PREPROCESSOR_DEFINITIONS = (
					"DEBUG=1",
					"$(inherited)",
				);
				GCC_WARN_64_TO_32_BIT_CONVERSION = YES;
				GCC_WARN_ABOUT_RETURN_TYPE = YES_ERROR;
				GCC_WARN_UNDECLARED_SELECTOR = YES;
				GCC_WARN_UNINITIALIZED_AUTOS = YES_AGGRESSIVE;
				GCC_WARN_UNUSED_FUNCTION = YES;
				GCC_WARN_UNUSED_VARIABLE = YES;
				IPHONEOS_DEPLOYMENT_TARGET = 15.4;
				MTL_ENABLE_DEBUG_INFO = INCLUDE_SOURCE;
				MTL_FAST_MATH = YES;
				ONLY_ACTIVE_ARCH = YES;
				SDKROOT = iphoneos;
				SWIFT_ACTIVE_COMPILATION_CONDITIONS = DEBUG;
				SWIFT_OPTIMIZATION_LEVEL = "-Onone";
			};
			name = Debug;
		};
		28A4F5D528B510DE0035137B /* Release */ = {
			isa = XCBuildConfiguration;
			buildSettings = {
				ALWAYS_SEARCH_USER_PATHS = NO;
				CLANG_ANALYZER_NONNULL = YES;
				CLANG_ANALYZER_NUMBER_OBJECT_CONVERSION = YES_AGGRESSIVE;
				CLANG_CXX_LANGUAGE_STANDARD = "gnu++17";
				CLANG_ENABLE_MODULES = YES;
				CLANG_ENABLE_OBJC_ARC = YES;
				CLANG_ENABLE_OBJC_WEAK = YES;
				CLANG_WARN_BLOCK_CAPTURE_AUTORELEASING = YES;
				CLANG_WARN_BOOL_CONVERSION = YES;
				CLANG_WARN_COMMA = YES;
				CLANG_WARN_CONSTANT_CONVERSION = YES;
				CLANG_WARN_DEPRECATED_OBJC_IMPLEMENTATIONS = YES;
				CLANG_WARN_DIRECT_OBJC_ISA_USAGE = YES_ERROR;
				CLANG_WARN_DOCUMENTATION_COMMENTS = YES;
				CLANG_WARN_EMPTY_BODY = YES;
				CLANG_WARN_ENUM_CONVERSION = YES;
				CLANG_WARN_INFINITE_RECURSION = YES;
				CLANG_WARN_INT_CONVERSION = YES;
				CLANG_WARN_NON_LITERAL_NULL_CONVERSION = YES;
				CLANG_WARN_OBJC_IMPLICIT_RETAIN_SELF = YES;
				CLANG_WARN_OBJC_LITERAL_CONVERSION = YES;
				CLANG_WARN_OBJC_ROOT_CLASS = YES_ERROR;
				CLANG_WARN_QUOTED_INCLUDE_IN_FRAMEWORK_HEADER = YES;
				CLANG_WARN_RANGE_LOOP_ANALYSIS = YES;
				CLANG_WARN_STRICT_PROTOTYPES = YES;
				CLANG_WARN_SUSPICIOUS_MOVE = YES;
				CLANG_WARN_UNGUARDED_AVAILABILITY = YES_AGGRESSIVE;
				CLANG_WARN_UNREACHABLE_CODE = YES;
				CLANG_WARN__DUPLICATE_METHOD_MATCH = YES;
				COPY_PHASE_STRIP = NO;
				DEBUG_INFORMATION_FORMAT = "dwarf-with-dsym";
				ENABLE_NS_ASSERTIONS = NO;
				ENABLE_STRICT_OBJC_MSGSEND = YES;
				GCC_C_LANGUAGE_STANDARD = gnu11;
				GCC_NO_COMMON_BLOCKS = YES;
				GCC_WARN_64_TO_32_BIT_CONVERSION = YES;
				GCC_WARN_ABOUT_RETURN_TYPE = YES_ERROR;
				GCC_WARN_UNDECLARED_SELECTOR = YES;
				GCC_WARN_UNINITIALIZED_AUTOS = YES_AGGRESSIVE;
				GCC_WARN_UNUSED_FUNCTION = YES;
				GCC_WARN_UNUSED_VARIABLE = YES;
				IPHONEOS_DEPLOYMENT_TARGET = 15.4;
				MTL_ENABLE_DEBUG_INFO = NO;
				MTL_FAST_MATH = YES;
				SDKROOT = iphoneos;
				SWIFT_COMPILATION_MODE = wholemodule;
				SWIFT_OPTIMIZATION_LEVEL = "-O";
				VALIDATE_PRODUCT = YES;
			};
			name = Release;
		};
		28A4F5D728B510DE0035137B /* Debug */ = {
			isa = XCBuildConfiguration;
			baseConfigurationReference = 60EFDBA9037F05EEA8612299 /* Pods-PTS Dictate.debug.xcconfig */;
			buildSettings = {
				ASSETCATALOG_COMPILER_APPICON_NAME = AppIcon;
				ASSETCATALOG_COMPILER_GLOBAL_ACCENT_COLOR_NAME = AccentColor;
				CODE_SIGN_STYLE = Automatic;
				CURRENT_PROJECT_VERSION = 1;
				GENERATE_INFOPLIST_FILE = YES;
				INFOPLIST_FILE = "PTS Dictate/Info.plist";
				INFOPLIST_KEY_UIApplicationSupportsIndirectInputEvents = YES;
				INFOPLIST_KEY_UILaunchStoryboardName = LaunchScreen;
				INFOPLIST_KEY_UIMainStoryboardFile = Main;
				INFOPLIST_KEY_UISupportedInterfaceOrientations_iPad = "UIInterfaceOrientationPortrait UIInterfaceOrientationPortraitUpsideDown UIInterfaceOrientationLandscapeLeft UIInterfaceOrientationLandscapeRight";
				INFOPLIST_KEY_UISupportedInterfaceOrientations_iPhone = "UIInterfaceOrientationPortrait UIInterfaceOrientationLandscapeLeft UIInterfaceOrientationLandscapeRight";
				IPHONEOS_DEPLOYMENT_TARGET = 12.4;
				LD_RUNPATH_SEARCH_PATHS = (
					"$(inherited)",
					"@executable_path/Frameworks",
				);
				MARKETING_VERSION = 1.0;
				PRODUCT_BUNDLE_IDENTIFIER = "pixelscope.PTS-Dictate";
				PRODUCT_NAME = "$(TARGET_NAME)";
				SWIFT_EMIT_LOC_STRINGS = YES;
				SWIFT_VERSION = 5.0;
				TARGETED_DEVICE_FAMILY = "1,2";
			};
			name = Debug;
		};
		28A4F5D828B510DE0035137B /* Release */ = {
			isa = XCBuildConfiguration;
			baseConfigurationReference = F2DCF3613E1B667385F2C263 /* Pods-PTS Dictate.release.xcconfig */;
			buildSettings = {
				ASSETCATALOG_COMPILER_APPICON_NAME = AppIcon;
				ASSETCATALOG_COMPILER_GLOBAL_ACCENT_COLOR_NAME = AccentColor;
				CODE_SIGN_STYLE = Automatic;
				CURRENT_PROJECT_VERSION = 1;
				GENERATE_INFOPLIST_FILE = YES;
				INFOPLIST_FILE = "PTS Dictate/Info.plist";
				INFOPLIST_KEY_UIApplicationSupportsIndirectInputEvents = YES;
				INFOPLIST_KEY_UILaunchStoryboardName = LaunchScreen;
				INFOPLIST_KEY_UIMainStoryboardFile = Main;
				INFOPLIST_KEY_UISupportedInterfaceOrientations_iPad = "UIInterfaceOrientationPortrait UIInterfaceOrientationPortraitUpsideDown UIInterfaceOrientationLandscapeLeft UIInterfaceOrientationLandscapeRight";
				INFOPLIST_KEY_UISupportedInterfaceOrientations_iPhone = "UIInterfaceOrientationPortrait UIInterfaceOrientationLandscapeLeft UIInterfaceOrientationLandscapeRight";
				IPHONEOS_DEPLOYMENT_TARGET = 12.4;
				LD_RUNPATH_SEARCH_PATHS = (
					"$(inherited)",
					"@executable_path/Frameworks",
				);
				MARKETING_VERSION = 1.0;
				PRODUCT_BUNDLE_IDENTIFIER = "pixelscope.PTS-Dictate";
				PRODUCT_NAME = "$(TARGET_NAME)";
				SWIFT_EMIT_LOC_STRINGS = YES;
				SWIFT_VERSION = 5.0;
				TARGETED_DEVICE_FAMILY = "1,2";
			};
			name = Release;
		};
/* End XCBuildConfiguration section */

/* Begin XCConfigurationList section */
		28A4F5BD28B510D90035137B /* Build configuration list for PBXProject "PTS Dictate" */ = {
			isa = XCConfigurationList;
			buildConfigurations = (
				28A4F5D428B510DE0035137B /* Debug */,
				28A4F5D528B510DE0035137B /* Release */,
			);
			defaultConfigurationIsVisible = 0;
			defaultConfigurationName = Release;
		};
		28A4F5D628B510DE0035137B /* Build configuration list for PBXNativeTarget "PTS Dictate" */ = {
			isa = XCConfigurationList;
			buildConfigurations = (
				28A4F5D728B510DE0035137B /* Debug */,
				28A4F5D828B510DE0035137B /* Release */,
			);
			defaultConfigurationIsVisible = 0;
			defaultConfigurationName = Release;
		};
/* End XCConfigurationList section */
	};
	rootObject = 28A4F5BA28B510D90035137B /* Project object */;
}
